{
  "name": "roosterjs-wrapper",
  "version": "0.1.0",
  "lockfileVersion": 1,
  "requires": true,
  "dependencies": {
    "@types/dom-inputevent": {
      "version": "1.0.5",
      "resolved": "https://registry.npmjs.org/@types/dom-inputevent/-/dom-inputevent-1.0.5.tgz",
      "integrity": "sha512-oL8NzIAn1J8vsIigjEM2qip6PUBRkb1kE+3gbM+NvSCzrScgz+Ixymuv9Z9jmktVjeHWMJc9zhP49YBUBeCTaQ=="
    },
    "roosterjs": {
      "version": "7.15.2",
      "resolved": "https://registry.npmjs.org/roosterjs/-/roosterjs-7.15.2.tgz",
      "integrity": "sha512-px4jWZT1A7prRyxFCnVbTMG51+dAMsWwr5EfCENNX5J4XSNW43z4A2IoFprYQCFefjKwDmo8N0LCuHgGdJgDEQ==",
      "requires": {
        "roosterjs-editor-api": "7.15.2",
        "roosterjs-editor-core": "7.15.2",
        "roosterjs-editor-dom": "7.15.2",
        "roosterjs-editor-plugins": "7.15.2",
        "roosterjs-editor-types": "7.15.2"
      }
    },
    "roosterjs-editor-api": {
      "version": "7.15.2",
      "resolved": "https://registry.npmjs.org/roosterjs-editor-api/-/roosterjs-editor-api-7.15.2.tgz",
      "integrity": "sha512-bdTJopVLC5NaIJB3mKjqYjZPSu9Bdbn9hUQwnMqG3xp2Wuf1e4jUsXJDH06jmH0F9zlJxT6KCNnJMVOTgwYHFw==",
      "requires": {
        "roosterjs-editor-core": "7.15.2",
        "roosterjs-editor-dom": "7.15.2",
        "roosterjs-editor-types": "7.15.2"
      }
    },
    "roosterjs-editor-core": {
      "version": "7.15.2",
      "resolved": "https://registry.npmjs.org/roosterjs-editor-core/-/roosterjs-editor-core-7.15.2.tgz",
      "integrity": "sha512-YDoM6lR4O/0OOMtBOcTnIeBgL/IuiFGL+HRrWnTw6DP771Szb+CEQx8OsaJf81/kbRx/+XsGd0/q1weUdabcGA==",
      "requires": {
        "roosterjs-editor-dom": "7.15.2",
        "roosterjs-editor-types": "7.15.2"
      }
    },
    "roosterjs-editor-dom": {
      "version": "7.15.2",
      "resolved": "https://registry.npmjs.org/roosterjs-editor-dom/-/roosterjs-editor-dom-7.15.2.tgz",
      "integrity": "sha512-VmKueBtsbCRliCyoDl5pV1aboJkY/+K9vQsJ9TN0qlGr21Wk+aLqNHv0Mr/cJCwMWkcQfSttkeXzaeqwdHDHIg==",
      "requires": {
        "roosterjs-editor-types": "7.15.2"
      }
    },
    "roosterjs-editor-plugins": {
      "version": "7.15.2",
      "resolved": "https://registry.npmjs.org/roosterjs-editor-plugins/-/roosterjs-editor-plugins-7.15.2.tgz",
      "integrity": "sha512-VefySSL5VrE8hmT6ZoWIH5qacD4f2vy3GDH7Txe427DR/FH1YW44AsIdVAlXPf4pDDKjtuqTmiYFdflzvot7Jw==",
      "requires": {
        "roosterjs-editor-api": "7.15.2",
        "roosterjs-editor-core": "7.15.2",
        "roosterjs-editor-dom": "7.15.2",
        "roosterjs-editor-types": "7.15.2"
      }
    },
    "roosterjs-editor-types": {
      "version": "7.15.2",
      "resolved": "https://registry.npmjs.org/roosterjs-editor-types/-/roosterjs-editor-types-7.15.2.tgz",
      "integrity": "sha512-N7P5GTxM8+2Ow6u1uSHjrRTbMqh90PQFZou0uAokEQsfm35CfIpXXPjFnzwaPO92tQ2+AHzSQYOfbqdH6AdWbQ==",
      "requires": {
        "@types/dom-inputevent": "^1.0.3"
      }
    }
  }
}
